<?xml version="1.0" encoding="utf-8"?>
<Project ToolsVersion="4.0" xmlns="http://schemas.microsoft.com/developer/msbuild/2003">
  <ItemGroup>
    <Filter Include="Source Files">
      <UniqueIdentifier>{4FC737F1-C7A5-4376-A066-2A32D752A2FF}</UniqueIdentifier>
      <Extensions>cpp;c;cc;cxx;def;odl;idl;hpj;bat;asm;asmx</Extensions>
    </Filter>
    <Filter Include="Header Files">
      <UniqueIdentifier>{93995380-89BD-4b04-88EB-625FBE52EBFB}</UniqueIdentifier>
      <Extensions>h;hh;hpp;hxx;hm;inl;inc;ipp;xsd</Extensions>
    </Filter>
    <Filter Include="Resource Files">
      <UniqueIdentifier>{67DA6AB6-F800-4c08-8B7A-83BB121AAD01}</UniqueIdentifier>
      <Extensions>rc;ico;cur;bmp;dlg;rc2;rct;bin;rgs;gif;jpg;jpeg;jpe;resx;tiff;tif;png;wav;mfcribbon-ms</Extensions>
    </Filter>
  </ItemGroup>
  <ItemGroup>
    <ClCompile Include="src\stack.cpp">
      <Filter>Source Files</Filter>
    </ClCompile>
    <ClCompile Include="src\utilities.cpp">
      <Filter>Source Files</Filter>
    </ClCompile>
    <ClCompile Include="src\textbox.cpp">
      <Filter>Source Files</Filter>
    </ClCompile>
    <ClCompile Include="src\main-warshall.cpp">
      <Filter>Source Files</Filter>
    </ClCompile>
    <ClCompile Include="src\warshall-gui.cpp">
      <Filter>Source Files</Filter>
    </ClCompile>
    <ClCompile Include="src\shapes.cpp">
      <Filter>Source Files</Filter>
    </ClCompile>
    <ClCompile Include="src\warshall-input.cpp">
      <Filter>Source Files</Filter>
    </ClCompile>
  </ItemGroup>
  <ItemGroup>
    <ClInclude Include="headers\stack.hpp">
      <Filter>Header Files</Filter>
    </ClInclude>
    <ClInclude Include="headers\main.hpp">
      <Filter>Header Files</Filter>
    </ClInclude>
    <ClInclude Include="headers\defines.hpp">
      <Filter>Header Files</Filter>
    </ClInclude>
    <ClInclude Include="headers\utilities.hpp">
      <Filter>Header Files</Filter>
    </ClInclude>
    <ClInclude Include="headers\textbox.hpp">
      <Filter>Header Files</Filter>
    </ClInclude>
    <ClInclude Include="headers\warshall-gui.hpp">
      <Filter>Header Files</Filter>
    </ClInclude>
    <ClInclude Include="headers\main-warshall.hpp">
      <Filter>Header Files</Filter>
    </ClInclude>
    <ClInclude Include="headers\shapes.hpp">
      <Filter>Header Files</Filter>
    </ClInclude>
    <ClInclude Include="headers\warshall-input.hpp">
      <Filter>Header Files</Filter>
    </ClInclude>
  </ItemGroup>
  <ItemGroup>
    <Font Include="fonts\arial.ttf" />
    <Font Include="fonts\Liberator-Heavy.otf" />
    <Font Include="fonts\OpenSans-Regular.ttf" />
    <Font Include="fonts\Crasns.ttf" />
    <Font Include="fonts\JerseyM54.ttf" />
    <Font Include="fonts\CNFREEBD.ttf" />
    <Font Include="fonts\CNFREE__.ttf" />
  </ItemGroup>
  <ItemGroup>
    <Image Include="img\button-quit-inactive.png">
      <Filter>Resource Files</Filter>
    </Image>
    <Image Include="img\button-push-inactive.png">
      <Filter>Resource Files</Filter>
    </Image>
    <Image Include="img\button-push-active.png">
      <Filter>Resource Files</Filter>
    </Image>
    <Image Include="img\button-pop-inactive.png">
      <Filter>Resource Files</Filter>
    </Image>
    <Image Include="img\button-pop-active.png">
      <Filter>Resource Files</Filter>
    </Image>
    <Image Include="img\textbox.png">
      <Filter>Resource Files</Filter>
    </Image>
  </ItemGroup>
</Project>